// !$*UTF8*$!
{
	archiveVersion = 1;
	classes = {
	};
	objectVersion = 46;
	objects = {

/* Begin PBXBuildFile section */
		02A7B5ED1B346CB1004EF0EC /* AppDelegate.swift in Sources */ = {isa = PBXBuildFile; fileRef = 02A7B5EC1B346CB1004EF0EC /* AppDelegate.swift */; };
		02A7B5F01B346CB1004EF0EC /* Document_Archive.xcdatamodeld in Sources */ = {isa = PBXBuildFile; fileRef = 02A7B5EE1B346CB1004EF0EC /* Document_Archive.xcdatamodeld */; };
		02A7B5F21B346CB1004EF0EC /* Images.xcassets in Resources */ = {isa = PBXBuildFile; fileRef = 02A7B5F11B346CB1004EF0EC /* Images.xcassets */; };
		02A7B5F51B346CB1004EF0EC /* MainMenu.xib in Resources */ = {isa = PBXBuildFile; fileRef = 02A7B5F31B346CB1004EF0EC /* MainMenu.xib */; };
		02A7B6011B346CB1004EF0EC /* Document_ArchiveTests.swift in Sources */ = {isa = PBXBuildFile; fileRef = 02A7B6001B346CB1004EF0EC /* Document_ArchiveTests.swift */; };
		02B95ABB1B37325D007435D3 /* DATag.m in Sources */ = {isa = PBXBuildFile; fileRef = 02B95ABA1B37325D007435D3 /* DATag.m */; };
		02B95ABE1B37325D007435D3 /* DAFile.m in Sources */ = {isa = PBXBuildFile; fileRef = 02B95ABD1B37325D007435D3 /* DAFile.m */; };
/* End PBXBuildFile section */

/* Begin PBXContainerItemProxy section */
		02A7B5FB1B346CB1004EF0EC /* PBXContainerItemProxy */ = {
			isa = PBXContainerItemProxy;
			containerPortal = 02A7B5DF1B346CB1004EF0EC /* Project object */;
			proxyType = 1;
			remoteGlobalIDString = 02A7B5E61B346CB1004EF0EC;
			remoteInfo = "Document Archive";
		};
/* End PBXContainerItemProxy section */

/* Begin PBXFileReference section */
		02A7B5E71B346CB1004EF0EC /* Document Archive.app */ = {isa = PBXFileReference; explicitFileType = wrapper.application; includeInIndex = 0; path = "Document Archive.app"; sourceTree = BUILT_PRODUCTS_DIR; };
		02A7B5EB1B346CB1004EF0EC /* Info.plist */ = {isa = PBXFileReference; lastKnownFileType = text.plist.xml; path = Info.plist; sourceTree = "<group>"; };
		02A7B5EC1B346CB1004EF0EC /* AppDelegate.swift */ = {isa = PBXFileReference; lastKnownFileType = sourcecode.swift; path = AppDelegate.swift; sourceTree = "<group>"; };
		02A7B5EF1B346CB1004EF0EC /* Document_Archive.xcdatamodel */ = {isa = PBXFileReference; lastKnownFileType = wrapper.xcdatamodel; path = Document_Archive.xcdatamodel; sourceTree = "<group>"; };
		02A7B5F11B346CB1004EF0EC /* Images.xcassets */ = {isa = PBXFileReference; lastKnownFileType = folder.assetcatalog; path = Images.xcassets; sourceTree = "<group>"; };
		02A7B5F41B346CB1004EF0EC /* Base */ = {isa = PBXFileReference; lastKnownFileType = file.xib; name = Base; path = Base.lproj/MainMenu.xib; sourceTree = "<group>"; };
		02A7B5FA1B346CB1004EF0EC /* Document ArchiveTests.xctest */ = {isa = PBXFileReference; explicitFileType = wrapper.cfbundle; includeInIndex = 0; path = "Document ArchiveTests.xctest"; sourceTree = BUILT_PRODUCTS_DIR; };
		02A7B5FF1B346CB1004EF0EC /* Info.plist */ = {isa = PBXFileReference; lastKnownFileType = text.plist.xml; path = Info.plist; sourceTree = "<group>"; };
		02A7B6001B346CB1004EF0EC /* Document_ArchiveTests.swift */ = {isa = PBXFileReference; lastKnownFileType = sourcecode.swift; path = Document_ArchiveTests.swift; sourceTree = "<group>"; };
		02B95AB81B37325C007435D3 /* Document Archive-Bridging-Header.h */ = {isa = PBXFileReference; lastKnownFileType = sourcecode.c.h; path = "Document Archive-Bridging-Header.h"; sourceTree = "<group>"; };
		02B95AB91B37325D007435D3 /* DATag.h */ = {isa = PBXFileReference; fileEncoding = 4; lastKnownFileType = sourcecode.c.h; path = DATag.h; sourceTree = "<group>"; };
		02B95ABA1B37325D007435D3 /* DATag.m */ = {isa = PBXFileReference; fileEncoding = 4; lastKnownFileType = sourcecode.c.objc; path = DATag.m; sourceTree = "<group>"; };
		02B95ABC1B37325D007435D3 /* DAFile.h */ = {isa = PBXFileReference; fileEncoding = 4; lastKnownFileType = sourcecode.c.h; path = DAFile.h; sourceTree = "<group>"; };
		02B95ABD1B37325D007435D3 /* DAFile.m */ = {isa = PBXFileReference; fileEncoding = 4; lastKnownFileType = sourcecode.c.objc; path = DAFile.m; sourceTree = "<group>"; };
/* End PBXFileReference section */

/* Begin PBXFrameworksBuildPhase section */
		02A7B5E41B346CB1004EF0EC /* Frameworks */ = {
			isa = PBXFrameworksBuildPhase;
			buildActionMask = 2147483647;
			files = (
			);
			runOnlyForDeploymentPostprocessing = 0;
		};
		02A7B5F71B346CB1004EF0EC /* Frameworks */ = {
			isa = PBXFrameworksBuildPhase;
			buildActionMask = 2147483647;
			files = (
			);
			runOnlyForDeploymentPostprocessing = 0;
		};
/* End PBXFrameworksBuildPhase section */

/* Begin PBXGroup section */
		02A7B5DE1B346CB1004EF0EC = {
			isa = PBXGroup;
			children = (
				02A7B5E91B346CB1004EF0EC /* Document Archive */,
				02A7B5FD1B346CB1004EF0EC /* Document ArchiveTests */,
				02A7B5E81B346CB1004EF0EC /* Products */,
				02B95AB81B37325C007435D3 /* Document Archive-Bridging-Header.h */,
			);
			sourceTree = "<group>";
		};
		02A7B5E81B346CB1004EF0EC /* Products */ = {
			isa = PBXGroup;
			children = (
				02A7B5E71B346CB1004EF0EC /* Document Archive.app */,
				02A7B5FA1B346CB1004EF0EC /* Document ArchiveTests.xctest */,
			);
			name = Products;
			sourceTree = "<group>";
		};
		02A7B5E91B346CB1004EF0EC /* Document Archive */ = {
			isa = PBXGroup;
			children = (
				02B95AB71B37321D007435D3 /* GUI */,
				02B95AB61B373212007435D3 /* model */,
				02A7B5EC1B346CB1004EF0EC /* AppDelegate.swift */,
				02A7B5EA1B346CB1004EF0EC /* Supporting Files */,
			);
			path = "Document Archive";
			sourceTree = "<group>";
		};
		02A7B5EA1B346CB1004EF0EC /* Supporting Files */ = {
			isa = PBXGroup;
			children = (
				02A7B5F11B346CB1004EF0EC /* Images.xcassets */,
				02A7B5EB1B346CB1004EF0EC /* Info.plist */,
			);
			name = "Supporting Files";
			sourceTree = "<group>";
		};
		02A7B5FD1B346CB1004EF0EC /* Document ArchiveTests */ = {
			isa = PBXGroup;
			children = (
				02A7B6001B346CB1004EF0EC /* Document_ArchiveTests.swift */,
				02A7B5FE1B346CB1004EF0EC /* Supporting Files */,
			);
			path = "Document ArchiveTests";
			sourceTree = "<group>";
		};
		02A7B5FE1B346CB1004EF0EC /* Supporting Files */ = {
			isa = PBXGroup;
			children = (
				02A7B5FF1B346CB1004EF0EC /* Info.plist */,
			);
			name = "Supporting Files";
			sourceTree = "<group>";
		};
		02B95AB61B373212007435D3 /* model */ = {
			isa = PBXGroup;
			children = (
				02B95ABC1B37325D007435D3 /* DAFile.h */,
				02B95ABD1B37325D007435D3 /* DAFile.m */,
				02B95AB91B37325D007435D3 /* DATag.h */,
				02B95ABA1B37325D007435D3 /* DATag.m */,
				02A7B5EE1B346CB1004EF0EC /* Document_Archive.xcdatamodeld */,
			);
			name = model;
			sourceTree = "<group>";
		};
		02B95AB71B37321D007435D3 /* GUI */ = {
			isa = PBXGroup;
			children = (
				02A7B5F31B346CB1004EF0EC /* MainMenu.xib */,
			);
			name = GUI;
			sourceTree = "<group>";
		};
/* End PBXGroup section */

/* Begin PBXNativeTarget section */
		02A7B5E61B346CB1004EF0EC /* Document Archive */ = {
			isa = PBXNativeTarget;
			buildConfigurationList = 02A7B6041B346CB1004EF0EC /* Build configuration list for PBXNativeTarget "Document Archive" */;
			buildPhases = (
				02A7B5E31B346CB1004EF0EC /* Sources */,
				02A7B5E41B346CB1004EF0EC /* Frameworks */,
				02A7B5E51B346CB1004EF0EC /* Resources */,
			);
			buildRules = (
			);
			dependencies = (
			);
			name = "Document Archive";
			productName = "Document Archive";
			productReference = 02A7B5E71B346CB1004EF0EC /* Document Archive.app */;
			productType = "com.apple.product-type.application";
		};
		02A7B5F91B346CB1004EF0EC /* Document ArchiveTests */ = {
			isa = PBXNativeTarget;
			buildConfigurationList = 02A7B6071B346CB1004EF0EC /* Build configuration list for PBXNativeTarget "Document ArchiveTests" */;
			buildPhases = (
				02A7B5F61B346CB1004EF0EC /* Sources */,
				02A7B5F71B346CB1004EF0EC /* Frameworks */,
				02A7B5F81B346CB1004EF0EC /* Resources */,
			);
			buildRules = (
			);
			dependencies = (
				02A7B5FC1B346CB1004EF0EC /* PBXTargetDependency */,
			);
			name = "Document ArchiveTests";
			productName = "Document ArchiveTests";
			productReference = 02A7B5FA1B346CB1004EF0EC /* Document ArchiveTests.xctest */;
			productType = "com.apple.product-type.bundle.unit-test";
		};
/* End PBXNativeTarget section */

/* Begin PBXProject section */
		02A7B5DF1B346CB1004EF0EC /* Project object */ = {
			isa = PBXProject;
			attributes = {
				LastUpgradeCheck = 0630;
				ORGANIZATIONNAME = lapsedpacifist;
				TargetAttributes = {
					02A7B5E61B346CB1004EF0EC = {
						CreatedOnToolsVersion = 6.3.2;
					};
					02A7B5F91B346CB1004EF0EC = {
						CreatedOnToolsVersion = 6.3.2;
						TestTargetID = 02A7B5E61B346CB1004EF0EC;
					};
				};
			};
			buildConfigurationList = 02A7B5E21B346CB1004EF0EC /* Build configuration list for PBXProject "Document Archive" */;
			compatibilityVersion = "Xcode 3.2";
			developmentRegion = English;
			hasScannedForEncodings = 0;
			knownRegions = (
				en,
				Base,
			);
			mainGroup = 02A7B5DE1B346CB1004EF0EC;
			productRefGroup = 02A7B5E81B346CB1004EF0EC /* Products */;
			projectDirPath = "";
			projectRoot = "";
			targets = (
				02A7B5E61B346CB1004EF0EC /* Document Archive */,
				02A7B5F91B346CB1004EF0EC /* Document ArchiveTests */,
			);
		};
/* End PBXProject section */

/* Begin PBXResourcesBuildPhase section */
		02A7B5E51B346CB1004EF0EC /* Resources */ = {
			isa = PBXResourcesBuildPhase;
			buildActionMask = 2147483647;
			files = (
				02A7B5F21B346CB1004EF0EC /* Images.xcassets in Resources */,
				02A7B5F51B346CB1004EF0EC /* MainMenu.xib in Resources */,
			);
			runOnlyForDeploymentPostprocessing = 0;
		};
		02A7B5F81B346CB1004EF0EC /* Resources */ = {
			isa = PBXResourcesBuildPhase;
			buildActionMask = 2147483647;
			files = (
			);
			runOnlyForDeploymentPostprocessing = 0;
		};
/* End PBXResourcesBuildPhase section */

/* Begin PBXSourcesBuildPhase section */
		02A7B5E31B346CB1004EF0EC /* Sources */ = {
			isa = PBXSourcesBuildPhase;
			buildActionMask = 2147483647;
			files = (
				02B95ABE1B37325D007435D3 /* DAFile.m in Sources */,
				02B95ABB1B37325D007435D3 /* DATag.m in Sources */,
				02A7B5ED1B346CB1004EF0EC /* AppDelegate.swift in Sources */,
				02A7B5F01B346CB1004EF0EC /* Document_Archive.xcdatamodeld in Sources */,
			);
			runOnlyForDeploymentPostprocessing = 0;
		};
		02A7B5F61B346CB1004EF0EC /* Sources */ = {
			isa = PBXSourcesBuildPhase;
			buildActionMask = 2147483647;
			files = (
				02A7B6011B346CB1004EF0EC /* Document_ArchiveTests.swift in Sources */,
			);
			runOnlyForDeploymentPostprocessing = 0;
		};
/* End PBXSourcesBuildPhase section */

/* Begin PBXTargetDependency section */
		02A7B5FC1B346CB1004EF0EC /* PBXTargetDependency */ = {
			isa = PBXTargetDependency;
			target = 02A7B5E61B346CB1004EF0EC /* Document Archive */;
			targetProxy = 02A7B5FB1B346CB1004EF0EC /* PBXContainerItemProxy */;
		};
/* End PBXTargetDependency section */

/* Begin PBXVariantGroup section */
		02A7B5F31B346CB1004EF0EC /* MainMenu.xib */ = {
			isa = PBXVariantGroup;
			children = (
				02A7B5F41B346CB1004EF0EC /* Base */,
			);
			name = MainMenu.xib;
			sourceTree = "<group>";
		};
/* End PBXVariantGroup section */

/* Begin XCBuildConfiguration section */
		02A7B6021B346CB1004EF0EC /* Debug */ = {
			isa = XCBuildConfiguration;
			buildSettings = {
				ALWAYS_SEARCH_USER_PATHS = NO;
				CLANG_CXX_LANGUAGE_STANDARD = "gnu++0x";
				CLANG_CXX_LIBRARY = "libc++";
				CLANG_ENABLE_MODULES = YES;
				CLANG_ENABLE_OBJC_ARC = YES;
				CLANG_WARN_BOOL_CONVERSION = YES;
				CLANG_WARN_CONSTANT_CONVERSION = YES;
				CLANG_WARN_DIRECT_OBJC_ISA_USAGE = YES_ERROR;
				CLANG_WARN_EMPTY_BODY = YES;
				CLANG_WARN_ENUM_CONVERSION = YES;
				CLANG_WARN_INT_CONVERSION = YES;
				CLANG_WARN_OBJC_ROOT_CLASS = YES_ERROR;
				CLANG_WARN_UNREACHABLE_CODE = YES;
				CLANG_WARN__DUPLICATE_METHOD_MATCH = YES;
				CODE_SIGN_IDENTITY = "-";
				COPY_PHASE_STRIP = NO;
				DEBUG_INFORMATION_FORMAT = dwarf;
				ENABLE_STRICT_OBJC_MSGSEND = YES;
				GCC_C_LANGUAGE_STANDARD = gnu99;
				GCC_DYNAMIC_NO_PIC = NO;
				GCC_NO_COMMON_BLOCKS = YES;
				GCC_OPTIMIZATION_LEVEL = 0;
				GCC_PREPROCESSOR_DEFINITIONS = (
					"DEBUG=1",
					"$(inherited)",
				);
				GCC_SYMBOLS_PRIVATE_EXTERN = NO;
				GCC_WARN_64_TO_32_BIT_CONVERSION = YES;
				GCC_WARN_ABOUT_RETURN_TYPE = YES_ERROR;
				GCC_WARN_UNDECLARED_SELECTOR = YES;
				GCC_WARN_UNINITIALIZED_AUTOS = YES_AGGRESSIVE;
				GCC_WARN_UNUSED_FUNCTION = YES;
				GCC_WARN_UNUSED_VARIABLE = YES;
				MACOSX_DEPLOYMENT_TARGET = 10.10;
				MTL_ENABLE_DEBUG_INFO = YES;
				ONLY_ACTIVE_ARCH = YES;
				SDKROOT = macosx;
				SWIFT_OPTIMIZATION_LEVEL = "-Onone";
			};
			name = Debug;
		};
		02A7B6031B346CB1004EF0EC /* Release */ = {
			isa = XCBuildConfiguration;
			buildSettings = {
				ALWAYS_SEARCH_USER_PATHS = NO;
				CLANG_CXX_LANGUAGE_STANDARD = "gnu++0x";
				CLANG_CXX_LIBRARY = "libc++";
				CLANG_ENABLE_MODULES = YES;
				CLANG_ENABLE_OBJC_ARC = YES;
				CLANG_WARN_BOOL_CONVERSION = YES;
				CLANG_WARN_CONSTANT_CONVERSION = YES;
				CLANG_WARN_DIRECT_OBJC_ISA_USAGE = YES_ERROR;
				CLANG_WARN_EMPTY_BODY = YES;
				CLANG_WARN_ENUM_CONVERSION = YES;
				CLANG_WARN_INT_CONVERSION = YES;
				CLANG_WARN_OBJC_ROOT_CLASS = YES_ERROR;
				CLANG_WARN_UNREACHABLE_CODE = YES;
				CLANG_WARN__DUPLICATE_METHOD_MATCH = YES;
				CODE_SIGN_IDENTITY = "-";
				COPY_PHASE_STRIP = NO;
				DEBUG_INFORMATION_FORMAT = "dwarf-with-dsym";
				ENABLE_NS_ASSERTIONS = NO;
				ENABLE_STRICT_OBJC_MSGSEND = YES;
				GCC_C_LANGUAGE_STANDARD = gnu99;
				GCC_NO_COMMON_BLOCKS = YES;
				GCC_WARN_64_TO_32_BIT_CONVERSION = YES;
				GCC_WARN_ABOUT_RETURN_TYPE = YES_ERROR;
				GCC_WARN_UNDECLARED_SELECTOR = YES;
				GCC_WARN_UNINITIALIZED_AUTOS = YES_AGGRESSIVE;
				GCC_WARN_UNUSED_FUNCTION = YES;
				GCC_WARN_UNUSED_VARIABLE = YES;
				MACOSX_DEPLOYMENT_TARGET = 10.10;
				MTL_ENABLE_DEBUG_INFO = NO;
				SDKROOT = macosx;
			};
			name = Release;
		};
		02A7B6051B346CB1004EF0EC /* Debug */ = {
			isa = XCBuildConfiguration;
			buildSettings = {
				ASSETCATALOG_COMPILER_APPICON_NAME = AppIcon;
				CLANG_ENABLE_MODULES = YES;
				COMBINE_HIDPI_IMAGES = YES;
				INFOPLIST_FILE = "Document Archive/Info.plist";
				LD_RUNPATH_SEARCH_PATHS = "$(inherited) @executable_path/../Frameworks";
				PRODUCT_NAME = "$(TARGET_NAME)";
				SWIFT_OBJC_BRIDGING_HEADER = "Document Archive-Bridging-Header.h";
				SWIFT_OPTIMIZATION_LEVEL = "-Onone";
			};
			name = Debug;
		};
		02A7B6061B346CB1004EF0EC /* Release */ = {
			isa = XCBuildConfiguration;
			buildSettings = {
				ASSETCATALOG_COMPILER_APPICON_NAME = AppIcon;
				CLANG_ENABLE_MODULES = YES;
				COMBINE_HIDPI_IMAGES = YES;
				INFOPLIST_FILE = "Document Archive/Info.plist";
				LD_RUNPATH_SEARCH_PATHS = "$(inherited) @executable_path/../Frameworks";
				PRODUCT_NAME = "$(TARGET_NAME)";
				SWIFT_OBJC_BRIDGING_HEADER = "Document Archive-Bridging-Header.h";
			};
			name = Release;
		};
		02A7B6081B346CB1004EF0EC /* Debug */ = {
			isa = XCBuildConfiguration;
			buildSettings = {
				BUNDLE_LOADER = "$(TEST_HOST)";
				COMBINE_HIDPI_IMAGES = YES;
				FRAMEWORK_SEARCH_PATHS = (
					"$(DEVELOPER_FRAMEWORKS_DIR)",
					"$(inherited)",
				);
				GCC_PREPROCESSOR_DEFINITIONS = (
					"DEBUG=1",
					"$(inherited)",
				);
				INFOPLIST_FILE = "Document ArchiveTests/Info.plist";
				LD_RUNPATH_SEARCH_PATHS = "$(inherited) @executable_path/../Frameworks @loader_path/../Frameworks";
				PRODUCT_NAME = "$(TARGET_NAME)";
				TEST_HOST = "$(BUILT_PRODUCTS_DIR)/Document Archive.app/Contents/MacOS/Document Archive";
			};
			name = Debug;
		};
		02A7B6091B346CB1004EF0EC /* Release */ = {
			isa = XCBuildConfiguration;
			buildSettings = {
				BUNDLE_LOADER = "$(TEST_HOST)";
				COMBINE_HIDPI_IMAGES = YES;
				FRAMEWORK_SEARCH_PATHS = (
					"$(DEVELOPER_FRAMEWORKS_DIR)",
					"$(inherited)",
				);
				INFOPLIST_FILE = "Document ArchiveTests/Info.plist";
				LD_RUNPATH_SEARCH_PATHS = "$(inherited) @executable_path/../Frameworks @loader_path/../Frameworks";
				PRODUCT_NAME = "$(TARGET_NAME)";
				TEST_HOST = "$(BUILT_PRODUCTS_DIR)/Document Archive.app/Contents/MacOS/Document Archive";
			};
			name = Release;
		};
/* End XCBuildConfiguration section */

/* Begin XCConfigurationList section */
		02A7B5E21B346CB1004EF0EC /* Build configuration list for PBXProject "Document Archive" */ = {
			isa = XCConfigurationList;
			buildConfigurations = (
				02A7B6021B346CB1004EF0EC /* Debug */,
				02A7B6031B346CB1004EF0EC /* Release */,
			);
			defaultConfigurationIsVisible = 0;
			defaultConfigurationName = Release;
		};
		02A7B6041B346CB1004EF0EC /* Build configuration list for PBXNativeTarget "Document Archive" */ = {
			isa = XCConfigurationList;
			buildConfigurations = (
				02A7B6051B346CB1004EF0EC /* Debug */,
				02A7B6061B346CB1004EF0EC /* Release */,
			);
			defaultConfigurationIsVisible = 0;
			defaultConfigurationName = Release;
		};
		02A7B6071B346CB1004EF0EC /* Build configuration list for PBXNativeTarget "Document ArchiveTests" */ = {
			isa = XCConfigurationList;
			buildConfigurations = (
				02A7B6081B346CB1004EF0EC /* Debug */,
				02A7B6091B346CB1004EF0EC /* Release */,
			);
			defaultConfigurationIsVisible = 0;
			defaultConfigurationName = Release;
		};
/* End XCConfigurationList section */

/* Begin XCVersionGroup section */
		02A7B5EE1B346CB1004EF0EC /* Document_Archive.xcdatamodeld */ = {
			isa = XCVersionGroup;
			children = (
				02A7B5EF1B346CB1004EF0EC /* Document_Archive.xcdatamodel */,
			);
			currentVersion = 02A7B5EF1B346CB1004EF0EC /* Document_Archive.xcdatamodel */;
			path = Document_Archive.xcdatamodeld;
			sourceTree = "<group>";
			versionGroupType = wrapper.xcdatamodel;
		};
/* End XCVersionGroup section */
	};
	rootObject = 02A7B5DF1B346CB1004EF0EC /* Project object */;
}
